
Microsoft Visual Studio Solution File, Format Version 12.00
# Visual Studio 14
VisualStudioVersion = 14.0.25420.1
MinimumVisualStudioVersion = 10.0.40219.1
Project("{FAE04EC0-301F-11D3-BF4B-00C04F79EFBC}") = "TestOrderApp.Android", "TestOrderApp\TestOrderApp.Android.csproj", "{2DB37F14-9A6E-4EED-88D3-6DA451607B70}"
EndProject
Project("{FAE04EC0-301F-11D3-BF4B-00C04F79EFBC}") = "Order.Core", "Order.Core\Order.Core.csproj", "{5A807352-77BA-49B3-9EBC-7EC8127DBECD}"
EndProject
Global
	GlobalSection(SolutionConfigurationPlatforms) = preSolution
		Debug|Any CPU = Debug|Any CPU
		Release|Any CPU = Release|Any CPU
	EndGlobalSection
	GlobalSection(ProjectConfigurationPlatforms) = postSolution
		{2DB37F14-9A6E-4EED-88D3-6DA451607B70}.Debug|Any CPU.ActiveCfg = Debug|Any CPU
		{2DB37F14-9A6E-4EED-88D3-6DA451607B70}.Debug|Any CPU.Build.0 = Debug|Any CPU
		{2DB37F14-9A6E-4EED-88D3-6DA451607B70}.Debug|Any CPU.Deploy.0 = Debug|Any CPU
		{2DB37F14-9A6E-4EED-88D3-6DA451607B70}.Release|Any CPU.ActiveCfg = Release|Any CPU
		{2DB37F14-9A6E-4EED-88D3-6DA451607B70}.Release|Any CPU.Build.0 = Release|Any CPU
		{2DB37F14-9A6E-4EED-88D3-6DA451607B70}.Release|Any CPU.Deploy.0 = Release|Any CPU
		{5A807352-77BA-49B3-9EBC-7EC8127DBECD}.Debug|Any CPU.ActiveCfg = Debug|Any CPU
		{5A807352-77BA-49B3-9EBC-7EC8127DBECD}.Debug|Any CPU.Build.0 = Debug|Any CPU
		{5A807352-77BA-49B3-9EBC-7EC8127DBECD}.Release|Any CPU.ActiveCfg = Release|Any CPU
		{5A807352-77BA-49B3-9EBC-7EC8127DBECD}.Release|Any CPU.Build.0 = Release|Any CPU
	EndGlobalSection
	GlobalSection(SolutionProperties) = preSolution
		HideSolutionNode = FALSE
	EndGlobalSection
EndGlobal
